
Microsoft Visual Studio Solution File, Format Version 12.00
# Visual Studio Version 16
VisualStudioVersion = 16.0.31515.178
MinimumVisualStudioVersion = 10.0.40219.1
Project("{9A19103F-16F7-4668-BE54-9A1E7A4F7556}") = "MoneyKeeper.Api", "MoneyKeeper\MoneyKeeper.Api.csproj", "{ADF21A95-DE58-4B21-9192-A69FA9938C54}"
EndProject
Project("{9A19103F-16F7-4668-BE54-9A1E7A4F7556}") = "MoneyKeeper.DAL", "DAL\MoneyKeeper.DAL.csproj", "{3F648206-711C-4B2B-9525-CC2C4BD8927C}"
EndProject
Project("{9A19103F-16F7-4668-BE54-9A1E7A4F7556}") = "MoneyKeeper.BL", "BL\MoneyKeeper.BL.csproj", "{4A6C8F13-44C1-490B-8EAA-D027FAB2EF2C}"
EndProject
Project("{9A19103F-16F7-4668-BE54-9A1E7A4F7556}") = "MoneyKeeper.Authentication", "Authentication\MoneyKeeper.Authentication.csproj", "{58A69FBE-3B2E-492C-9E5F-B31EA1F5186A}"
EndProject
Project("{9A19103F-16F7-4668-BE54-9A1E7A4F7556}") = "MoneyKeeper.Globals", "Globals\MoneyKeeper.Globals.csproj", "{02451381-0C1C-4F88-AB48-476522B6FB79}"
EndProject
Global
	GlobalSection(SolutionConfigurationPlatforms) = preSolution
		Debug|Any CPU = Debug|Any CPU
		Release|Any CPU = Release|Any CPU
	EndGlobalSection
	GlobalSection(ProjectConfigurationPlatforms) = postSolution
		{ADF21A95-DE58-4B21-9192-A69FA9938C54}.Debug|Any CPU.ActiveCfg = Debug|Any CPU
		{ADF21A95-DE58-4B21-9192-A69FA9938C54}.Debug|Any CPU.Build.0 = Debug|Any CPU
		{ADF21A95-DE58-4B21-9192-A69FA9938C54}.Release|Any CPU.ActiveCfg = Release|Any CPU
		{ADF21A95-DE58-4B21-9192-A69FA9938C54}.Release|Any CPU.Build.0 = Release|Any CPU
		{3F648206-711C-4B2B-9525-CC2C4BD8927C}.Debug|Any CPU.ActiveCfg = Debug|Any CPU
		{3F648206-711C-4B2B-9525-CC2C4BD8927C}.Debug|Any CPU.Build.0 = Debug|Any CPU
		{3F648206-711C-4B2B-9525-CC2C4BD8927C}.Release|Any CPU.ActiveCfg = Release|Any CPU
		{3F648206-711C-4B2B-9525-CC2C4BD8927C}.Release|Any CPU.Build.0 = Release|Any CPU
		{4A6C8F13-44C1-490B-8EAA-D027FAB2EF2C}.Debug|Any CPU.ActiveCfg = Debug|Any CPU
		{4A6C8F13-44C1-490B-8EAA-D027FAB2EF2C}.Debug|Any CPU.Build.0 = Debug|Any CPU
		{4A6C8F13-44C1-490B-8EAA-D027FAB2EF2C}.Release|Any CPU.ActiveCfg = Release|Any CPU
		{4A6C8F13-44C1-490B-8EAA-D027FAB2EF2C}.Release|Any CPU.Build.0 = Release|Any CPU
		{58A69FBE-3B2E-492C-9E5F-B31EA1F5186A}.Debug|Any CPU.ActiveCfg = Debug|Any CPU
		{58A69FBE-3B2E-492C-9E5F-B31EA1F5186A}.Debug|Any CPU.Build.0 = Debug|Any CPU
		{58A69FBE-3B2E-492C-9E5F-B31EA1F5186A}.Release|Any CPU.ActiveCfg = Release|Any CPU
		{58A69FBE-3B2E-492C-9E5F-B31EA1F5186A}.Release|Any CPU.Build.0 = Release|Any CPU
		{02451381-0C1C-4F88-AB48-476522B6FB79}.Debug|Any CPU.ActiveCfg = Debug|Any CPU
		{02451381-0C1C-4F88-AB48-476522B6FB79}.Debug|Any CPU.Build.0 = Debug|Any CPU
		{02451381-0C1C-4F88-AB48-476522B6FB79}.Release|Any CPU.ActiveCfg = Release|Any CPU
		{02451381-0C1C-4F88-AB48-476522B6FB79}.Release|Any CPU.Build.0 = Release|Any CPU
	EndGlobalSection
	GlobalSection(SolutionProperties) = preSolution
		HideSolutionNode = FALSE
	EndGlobalSection
	GlobalSection(ExtensibilityGlobals) = postSolution
		SolutionGuid = {D16F75B6-906C-4048-8EEE-F498BD15410F}
	EndGlobalSection
EndGlobal
